{
  "name": "sample-react",
  "version": "0.1.0",
  "lockfileVersion": 1,
  "requires": true,
  "dependencies": {
    "@types/node": {
      "version": "16.11.9",
      "resolved": "https://registry.npmjs.org/@types/node/-/node-16.11.9.tgz",
      "integrity": "sha512-MKmdASMf3LtPzwLyRrFjtFFZ48cMf8jmX5VRYrDQiJa8Ybu5VAmkqBWqKU8fdCwD8ysw4mQ9nrEHvzg6gunR7A=="
    },
    "@types/uuid": {
      "version": "8.3.1",
      "resolved": "https://registry.npmjs.org/@types/uuid/-/uuid-8.3.1.tgz",
      "integrity": "sha512-Y2mHTRAbqfFkpjldbkHGY8JIzRN6XqYRliG8/24FcHm2D2PwW24fl5xMRTVGdrb7iMrwCaIEbLWerGIkXuFWVg=="
    },
    "@types/webidl-conversions": {
      "version": "6.1.1",
      "resolved": "https://registry.npmjs.org/@types/webidl-conversions/-/webidl-conversions-6.1.1.tgz",
      "integrity": "sha512-XAahCdThVuCFDQLT7R7Pk/vqeObFNL3YqRyFZg+AqAP/W1/w3xHaIxuW7WszQqTbIBOPRcItYJIou3i/mppu3Q=="
    },
    "@types/whatwg-url": {
      "version": "8.2.1",
      "resolved": "https://registry.npmjs.org/@types/whatwg-url/-/whatwg-url-8.2.1.tgz",
      "integrity": "sha512-2YubE1sjj5ifxievI5Ge1sckb9k/Er66HyR2c+3+I6VDUUg1TLPdYYTEbQ+DjRkS4nTxMJhgWfSfMRD2sl2EYQ==",
      "requires": {
        "@types/node": "*",
        "@types/webidl-conversions": "*"
      }
    },
    "abstract-logging": {
      "version": "2.0.1",
      "resolved": "https://registry.npmjs.org/abstract-logging/-/abstract-logging-2.0.1.tgz",
      "integrity": "sha512-2BjRTZxTPvheOvGbBslFSYOUkr+SjPtOnrLP33f+VIWLzezQpZcqVg7ja3L4dBXmzzgwT+a029jRx5PCi3JuiA=="
    },
    "ajv": {
      "version": "6.12.6",
      "resolved": "https://registry.npmjs.org/ajv/-/ajv-6.12.6.tgz",
      "integrity": "sha512-j3fVLgvTo527anyYyJOGTYJbG+vnnQYvE0m5mmkc1TK+nxAppkCLMIL0aZ4dblVCNoGShhm+kzE4ZUykBoMg4g==",
      "requires": {
        "fast-deep-equal": "^3.1.1",
        "fast-json-stable-stringify": "^2.0.0",
        "json-schema-traverse": "^0.4.1",
        "uri-js": "^4.2.2"
      }
    },
    "archy": {
      "version": "1.0.0",
      "resolved": "https://registry.npmjs.org/archy/-/archy-1.0.0.tgz",
      "integrity": "sha1-+cjBN1fMHde8N5rHeyxipcKGjEA="
    },
    "atomic-sleep": {
      "version": "1.0.0",
      "resolved": "https://registry.npmjs.org/atomic-sleep/-/atomic-sleep-1.0.0.tgz",
      "integrity": "sha512-kNOjDqAh7px0XWNI+4QbzoiR/nTkHAWNud2uvnJquD1/x5a7EQZMJT0AczqK0Qn67oY/TTQ1LbUKajZpp3I9tQ=="
    },
    "avvio": {
      "version": "6.5.0",
      "resolved": "https://registry.npmjs.org/avvio/-/avvio-6.5.0.tgz",
      "integrity": "sha512-BmzcZ7gFpyFJsW8G+tfQw8vJNUboA9SDkkHLZ9RAALhvw/rplfWwni8Ee1rA11zj/J7/E5EvZmweusVvTHjWCA==",
      "requires": {
        "archy": "^1.0.0",
        "debug": "^4.0.0",
        "fastq": "^1.6.0"
      }
    },
    "base64-js": {
      "version": "1.5.1",
      "resolved": "https://registry.npmjs.org/base64-js/-/base64-js-1.5.1.tgz",
      "integrity": "sha512-AKpaYlHn8t4SVbOHCy+b5+KKgvR4vrsD8vbvrbiQJps7fKDTkjkDry6ji0rUJjC0kzbNePLwzxq8iypo41qeWA=="
    },
    "bson": {
      "version": "4.5.4",
      "resolved": "https://registry.npmjs.org/bson/-/bson-4.5.4.tgz",
      "integrity": "sha512-wIt0bPACnx8Ju9r6IsS2wVtGDHBr9Dxb+U29A1YED2pu8XOhS8aKjOnLZ8sxyXkPwanoK7iWWVhS1+coxde6xA==",
      "requires": {
        "buffer": "^5.6.0"
      }
    },
    "buffer": {
      "version": "5.7.1",
      "resolved": "https://registry.npmjs.org/buffer/-/buffer-5.7.1.tgz",
      "integrity": "sha512-EHcyIPBQ4BSGlvjB16k5KgAJ27CIsHY/2JBmCRReo48y9rQ3MaUzWX3KVlBa4U7MyX02HdVj0K7C3WaB3ju7FQ==",
      "requires": {
        "base64-js": "^1.3.1",
        "ieee754": "^1.1.13"
      }
    },
    "cookie": {
      "version": "0.4.1",
      "resolved": "https://registry.npmjs.org/cookie/-/cookie-0.4.1.tgz",
      "integrity": "sha512-ZwrFkGJxUR3EIoXtO+yVE69Eb7KlixbaeAWfBQB9vVsNn/o+Yw69gBWSSDK825hQNdN+wF8zELf3dFNl/kxkUA=="
    },
    "d": {
      "version": "1.0.1",
      "resolved": "https://registry.npmjs.org/d/-/d-1.0.1.tgz",
      "integrity": "sha512-m62ShEObQ39CfralilEQRjH6oAMtNCV1xJyEx5LpRYUVN+EviphDgUc/F3hnYbADmkiNs67Y+3ylmlG7Lnu+FA==",
      "requires": {
        "es5-ext": "^0.10.50",
        "type": "^1.0.1"
      }
    },
    "debug": {
      "version": "4.3.2",
      "resolved": "https://registry.npmjs.org/debug/-/debug-4.3.2.tgz",
      "integrity": "sha512-mOp8wKcvj7XxC78zLgw/ZA+6TSgkoE2C/ienthhRD298T7UNwAg9diBpLRxC0mOezLl4B0xV7M0cCO6P/O0Xhw==",
      "requires": {
        "ms": "2.1.2"
      }
    },
    "deepmerge": {
      "version": "4.2.2",
      "resolved": "https://registry.npmjs.org/deepmerge/-/deepmerge-4.2.2.tgz",
      "integrity": "sha512-FJ3UgI4gIl+PHZm53knsuSFpE+nESMr7M4v9QcgB7S63Kj/6WqMiFQJpBBYz1Pt+66bZpP3Q7Lye0Oo9MPKEdg=="
    },
    "denque": {
      "version": "2.0.1",
      "resolved": "https://registry.npmjs.org/denque/-/denque-2.0.1.tgz",
      "integrity": "sha512-tfiWc6BQLXNLpNiR5iGd0Ocu3P3VpxfzFiqubLgMfhfOw9WyvgJBd46CClNn9k3qfbjvT//0cf7AlYRX/OslMQ=="
    },
    "es5-ext": {
      "version": "0.10.53",
      "resolved": "https://registry.npmjs.org/es5-ext/-/es5-ext-0.10.53.tgz",
      "integrity": "sha512-Xs2Stw6NiNHWypzRTY1MtaG/uJlwCk8kH81920ma8mvN8Xq1gsfhZvpkImLQArw8AHnv8MT2I45J3c0R8slE+Q==",
      "requires": {
        "es6-iterator": "~2.0.3",
        "es6-symbol": "~3.1.3",
        "next-tick": "~1.0.0"
      }
    },
    "es6-iterator": {
      "version": "2.0.3",
      "resolved": "https://registry.npmjs.org/es6-iterator/-/es6-iterator-2.0.3.tgz",
      "integrity": "sha1-p96IkUGgWpSwhUQDstCg+/qY87c=",
      "requires": {
        "d": "1",
        "es5-ext": "^0.10.35",
        "es6-symbol": "^3.1.1"
      }
    },
    "es6-symbol": {
      "version": "3.1.3",
      "resolved": "https://registry.npmjs.org/es6-symbol/-/es6-symbol-3.1.3.tgz",
      "integrity": "sha512-NJ6Yn3FuDinBaBRWl/q5X/s4koRHBrgKAu+yGI6JCBeiu3qrcbJhwT2GeR/EXVfylRk8dpQVJoLEFhK+Mu31NA==",
      "requires": {
        "d": "^1.0.1",
        "ext": "^1.1.2"
      }
    },
    "ext": {
      "version": "1.6.0",
      "resolved": "https://registry.npmjs.org/ext/-/ext-1.6.0.tgz",
      "integrity": "sha512-sdBImtzkq2HpkdRLtlLWDa6w4DX22ijZLKx8BMPUuKe1c5lbN6xwQDQCxSfxBQnHZ13ls/FH0MQZx/q/gr6FQg==",
      "requires": {
        "type": "^2.5.0"
      },
      "dependencies": {
        "type": {
          "version": "2.5.0",
          "resolved": "https://registry.npmjs.org/type/-/type-2.5.0.tgz",
          "integrity": "sha512-180WMDQaIMm3+7hGXWf12GtdniDEy7nYcyFMKJn/eZz/6tSLXrUN9V0wKSbMjej0I1WHWbpREDEKHtqPQa9NNw=="
        }
      }
    },
    "fast-decode-uri-component": {
      "version": "1.0.1",
      "resolved": "https://registry.npmjs.org/fast-decode-uri-component/-/fast-decode-uri-component-1.0.1.tgz",
      "integrity": "sha512-WKgKWg5eUxvRZGwW8FvfbaH7AXSh2cL+3j5fMGzUMCxWBJ3dV3a7Wz8y2f/uQ0e3B6WmodD3oS54jTQ9HVTIIg=="
    },
    "fast-deep-equal": {
      "version": "3.1.3",
      "resolved": "https://registry.npmjs.org/fast-deep-equal/-/fast-deep-equal-3.1.3.tgz",
      "integrity": "sha512-f3qQ9oQy9j2AhBe/H9VC91wLmKBCCU/gDOnKNAYG5hswO7BLKj09Hc5HYNz9cGI++xlpDCIgDaitVs03ATR84Q=="
    },
    "fast-json-stable-stringify": {
      "version": "2.1.0",
      "resolved": "https://registry.npmjs.org/fast-json-stable-stringify/-/fast-json-stable-stringify-2.1.0.tgz",
      "integrity": "sha512-lhd/wF+Lk98HZoTCtlVraHtfh5XYijIjalXck7saUtuanSDyLMxnHhSXEDJqHxD7msR8D0uCmqlkwjCV8xvwHw=="
    },
    "fast-json-stringify": {
      "version": "1.21.0",
      "resolved": "https://registry.npmjs.org/fast-json-stringify/-/fast-json-stringify-1.21.0.tgz",
      "integrity": "sha512-xY6gyjmHN3AK1Y15BCbMpeO9+dea5ePVsp3BouHCdukcx0hOHbXwFhRodhcI0NpZIgDChSeAKkHW9YjKvhwKBA==",
      "requires": {
        "ajv": "^6.11.0",
        "deepmerge": "^4.2.2",
        "string-similarity": "^4.0.1"
      }
    },
    "fast-redact": {
      "version": "2.1.0",
      "resolved": "https://registry.npmjs.org/fast-redact/-/fast-redact-2.1.0.tgz",
      "integrity": "sha512-0LkHpTLyadJavq9sRzzyqIoMZemWli77K2/MGOkafrR64B9ItrvZ9aT+jluvNDsv0YEHjSNhlMBtbokuoqii4A=="
    },
    "fast-safe-stringify": {
      "version": "2.1.1",
      "resolved": "https://registry.npmjs.org/fast-safe-stringify/-/fast-safe-stringify-2.1.1.tgz",
      "integrity": "sha512-W+KJc2dmILlPplD/H4K9l9LcAHAfPtP6BY84uVLXQ6Evcz9Lcg33Y2z1IVblT6xdY54PXYVHEv+0Wpq8Io6zkA=="
    },
    "fastify": {
      "version": "2.15.3",
      "resolved": "https://registry.npmjs.org/fastify/-/fastify-2.15.3.tgz",
      "integrity": "sha512-2O+A9SjHpbH/SgDDMA+xIznhx/rDeNuwPIiZSFVU7fwOiiFfQjHmfu21jp22wMmsZ5PYKYFR+pze2TzoAUmOtw==",
      "requires": {
        "abstract-logging": "^2.0.0",
        "ajv": "^6.12.0",
        "avvio": "^6.5.0",
        "fast-json-stringify": "^1.18.0",
        "find-my-way": "^2.2.2",
        "flatstr": "^1.0.12",
        "light-my-request": "^3.7.3",
        "middie": "^4.1.0",
        "pino": "^5.17.0",
        "proxy-addr": "^2.0.6",
        "readable-stream": "^3.6.0",
        "rfdc": "^1.1.2",
        "secure-json-parse": "^2.1.0",
        "tiny-lru": "^7.0.2"
      }
    },
    "fastify-cors": {
      "version": "3.0.3",
      "resolved": "https://registry.npmjs.org/fastify-cors/-/fastify-cors-3.0.3.tgz",
      "integrity": "sha512-SDMa+GtyTTAU7pWZwY4fukb/VwCZ4c30p0oEaE7/d/+VCvceB1+NzW2udp2dSZZfWR7J1kUookCpw2dLmtAsSw==",
      "requires": {
        "fastify-plugin": "^1.6.0",
        "vary": "^1.1.2"
      }
    },
    "fastify-plugin": {
      "version": "1.6.1",
      "resolved": "https://registry.npmjs.org/fastify-plugin/-/fastify-plugin-1.6.1.tgz",
      "integrity": "sha512-APBcb27s+MjaBIerFirYmBLatoPCgmHZM6XP0K+nDL9k0yX8NJPWDY1RAC3bh6z+AB5ULS2j31BUfLMT3uaZ4A==",
      "requires": {
        "semver": "^6.3.0"
      }
    },
    "fastify-server-timeout": {
      "version": "0.1.1",
      "resolved": "https://registry.npmjs.org/fastify-server-timeout/-/fastify-server-timeout-0.1.1.tgz",
      "integrity": "sha512-h9+nfYQ5MNCWNbVX07OVP7ULTsc7S4Ce5/9TXSE7XmnTUsfi2XMGZFNCI3/oHpLs6LkwDBZMhERB0Wz92ghDkQ=="
    },
    "fastq": {
      "version": "1.13.0",
      "resolved": "https://registry.npmjs.org/fastq/-/fastq-1.13.0.tgz",
      "integrity": "sha512-YpkpUnK8od0o1hmeSc7UUs/eB/vIPWJYjKck2QKIzAf71Vm1AAQ3EbuZB3g2JIy+pg+ERD0vqI79KyZiB2e2Nw==",
      "requires": {
        "reusify": "^1.0.4"
      }
    },
    "find-my-way": {
      "version": "2.2.5",
      "resolved": "https://registry.npmjs.org/find-my-way/-/find-my-way-2.2.5.tgz",
      "integrity": "sha512-GjRZZlGcGmTh9t+6Xrj5K0YprpoAFCAiCPgmAH9Kb09O4oX6hYuckDfnDipYj+Q7B1GtYWSzDI5HEecNYscLQg==",
      "requires": {
        "fast-decode-uri-component": "^1.0.0",
        "safe-regex2": "^2.0.0",
        "semver-store": "^0.3.0"
      }
    },
    "flatstr": {
      "version": "1.0.12",
      "resolved": "https://registry.npmjs.org/flatstr/-/flatstr-1.0.12.tgz",
      "integrity": "sha512-4zPxDyhCyiN2wIAtSLI6gc82/EjqZc1onI4Mz/l0pWrAlsSfYH/2ZIcU+e3oA2wDwbzIWNKwa23F8rh6+DRWkw=="
    },
    "forwarded": {
      "version": "0.2.0",
      "resolved": "https://registry.npmjs.org/forwarded/-/forwarded-0.2.0.tgz",
      "integrity": "sha512-buRG0fpBtRHSTCOASe6hD258tEubFoRLb4ZNA6NxMVHNw2gOcwHo9wyablzMzOA5z9xA9L1KNjk/Nt6MT9aYow=="
    },
    "ieee754": {
      "version": "1.2.1",
      "resolved": "https://registry.npmjs.org/ieee754/-/ieee754-1.2.1.tgz",
      "integrity": "sha512-dcyqhDvX1C46lXZcVqCpK+FtMRQVdIMN6/Df5js2zouUsqG7I6sFxitIC+7KYK29KdXOLHdu9zL4sFnoVQnqaA=="
    },
    "inherits": {
      "version": "2.0.4",
      "resolved": "https://registry.npmjs.org/inherits/-/inherits-2.0.4.tgz",
      "integrity": "sha512-k/vGaX4/Yla3WzyMCvTQOXYeIHvqOKtnqBduzTHpzpQZzAskKMhZ2K+EnBiSM9zGSoIFeMpXKxa4dYeZIQqewQ=="
    },
    "ipaddr.js": {
      "version": "1.9.1",
      "resolved": "https://registry.npmjs.org/ipaddr.js/-/ipaddr.js-1.9.1.tgz",
      "integrity": "sha512-0KI/607xoxSToH7GjN1FfSbLoU0+btTicjsQSWQlh/hZykN8KpmMf7uYwPW3R+akZ6R/w18ZlXSHBYXiYUPO3g=="
    },
    "js-tokens": {
      "version": "4.0.0",
      "resolved": "https://registry.npmjs.org/js-tokens/-/js-tokens-4.0.0.tgz",
      "integrity": "sha512-RdJUflcE3cUzKiMqQgsCu06FPu9UdIJO0beYbPhHN4k6apgJtifcoCtT9bcxOpYBtpD2kCM6Sbzg4CausW/PKQ=="
    },
    "json-schema-traverse": {
      "version": "0.4.1",
      "resolved": "https://registry.npmjs.org/json-schema-traverse/-/json-schema-traverse-0.4.1.tgz",
      "integrity": "sha512-xbbCH5dCYU5T8LcEhhuh7HJ88HXuW3qsI3Y0zOZFKfZEHcpWiHU/Jxzk629Brsab/mMiHQti9wMP+845RPe3Vg=="
    },
    "kareem": {
      "version": "2.3.2",
      "resolved": "https://registry.npmjs.org/kareem/-/kareem-2.3.2.tgz",
      "integrity": "sha512-STHz9P7X2L4Kwn72fA4rGyqyXdmrMSdxqHx9IXon/FXluXieaFA6KJ2upcHAHxQPQ0LeM/OjLrhFxifHewOALQ=="
    },
    "light-my-request": {
      "version": "3.8.0",
      "resolved": "https://registry.npmjs.org/light-my-request/-/light-my-request-3.8.0.tgz",
      "integrity": "sha512-cIOWmNsgoStysmkzcv2EwvLwMb2hEm6oqKMerG/b5ey9F0we2Qony8cAZgBktmGPYUvPyKsDCzMcYU6fXbpWew==",
      "requires": {
        "ajv": "^6.10.2",
        "cookie": "^0.4.0",
        "readable-stream": "^3.4.0",
        "set-cookie-parser": "^2.4.1"
      }
    },
    "loose-envify": {
      "version": "1.4.0",
      "resolved": "https://registry.npmjs.org/loose-envify/-/loose-envify-1.4.0.tgz",
      "integrity": "sha512-lyuxPGr/Wfhrlem2CL/UcnUc1zcqKAImBDzukY7Y5F/yQiNdko6+fRLevlw1HgMySw7f611UIY408EtxRSoK3Q==",
      "requires": {
        "js-tokens": "^3.0.0 || ^4.0.0"
      }
    },
    "memory-pager": {
      "version": "1.5.0",
      "resolved": "https://registry.npmjs.org/memory-pager/-/memory-pager-1.5.0.tgz",
      "integrity": "sha512-ZS4Bp4r/Zoeq6+NLJpP+0Zzm0pR8whtGPf1XExKLJBAczGMnSi3It14OiNCStjQjM6NU1okjQGSxgEZN8eBYKg==",
      "optional": true
    },
    "middie": {
      "version": "4.1.0",
      "resolved": "https://registry.npmjs.org/middie/-/middie-4.1.0.tgz",
      "integrity": "sha512-eylPpZA+K3xO9kpDjagoPkEUkNcWV3EAo5OEz0MqsekUpT7KbnQkk8HNZkh4phx2vvOAmNNZuLRWF9lDDHPpVQ==",
      "requires": {
        "path-to-regexp": "^4.0.0",
        "reusify": "^1.0.2"
      }
    },
    "moment": {
      "version": "2.29.1",
      "resolved": "https://registry.npmjs.org/moment/-/moment-2.29.1.tgz",
      "integrity": "sha512-kHmoybcPV8Sqy59DwNDY3Jefr64lK/by/da0ViFcuA4DH0vQg5Q6Ze5VimxkfQNSC+Mls/Kx53s7TjP1RhFEDQ=="
    },
    "moment-range": {
      "version": "4.0.2",
      "resolved": "https://registry.npmjs.org/moment-range/-/moment-range-4.0.2.tgz",
      "integrity": "sha512-n8sceWwSTjmz++nFHzeNEUsYtDqjgXgcOBzsHi+BoXQU2FW+eU92LUaK8gqOiSu5PG57Q9sYj1Fz4LRDj4FtKA==",
      "requires": {
        "es6-symbol": "^3.1.0"
      }
    },
    "moment-timezone": {
      "version": "0.5.34",
      "resolved": "https://registry.npmjs.org/moment-timezone/-/moment-timezone-0.5.34.tgz",
      "integrity": "sha512-3zAEHh2hKUs3EXLESx/wsgw6IQdusOT8Bxm3D9UrHPQR7zlMmzwybC8zHEM1tQ4LJwP7fcxrWr8tuBg05fFCbg==",
      "requires": {
        "moment": ">= 2.9.0"
      }
    },
    "mongodb": {
      "version": "4.1.4",
      "resolved": "https://registry.npmjs.org/mongodb/-/mongodb-4.1.4.tgz",
      "integrity": "sha512-Cv/sk8on/tpvvqbEvR1h03mdyNdyvvO+WhtFlL4jrZ+DSsN/oSQHVqmJQI/sBCqqbOArFcYCAYDfyzqFwV4GSQ==",
      "requires": {
        "bson": "^4.5.4",
        "denque": "^2.0.1",
        "mongodb-connection-string-url": "^2.1.0",
        "saslprep": "^1.0.3"
      }
    },
    "mongodb-connection-string-url": {
      "version": "2.2.0",
      "resolved": "https://registry.npmjs.org/mongodb-connection-string-url/-/mongodb-connection-string-url-2.2.0.tgz",
      "integrity": "sha512-U0cDxLUrQrl7DZA828CA+o69EuWPWEJTwdMPozyd7cy/dbtncUZczMw7wRHcwMD7oKOn0NM2tF9jdf5FFVW9CA==",
      "requires": {
        "@types/whatwg-url": "^8.2.1",
        "whatwg-url": "^11.0.0"
      }
    },
    "mongoose": {
      "version": "6.0.13",
      "resolved": "https://registry.npmjs.org/mongoose/-/mongoose-6.0.13.tgz",
      "integrity": "sha512-/M/YKgx23fCX+j0lwObaHbCibXnMjyWeQrXZf0WaQeS/hL86wQVSmaOxh+kZXfyLOUr+vT2Hl44o50GZHUrKWw==",
      "requires": {
        "bson": "^4.2.2",
        "kareem": "2.3.2",
        "mongodb": "4.1.4",
        "mpath": "0.8.4",
        "mquery": "4.0.0",
        "ms": "2.1.2",
        "regexp-clone": "1.0.0",
        "sift": "13.5.2",
        "sliced": "1.0.1"
      }
    },
    "mpath": {
      "version": "0.8.4",
      "resolved": "https://registry.npmjs.org/mpath/-/mpath-0.8.4.tgz",
      "integrity": "sha512-DTxNZomBcTWlrMW76jy1wvV37X/cNNxPW1y2Jzd4DZkAaC5ZGsm8bfGfNOthcDuRJujXLqiuS6o3Tpy0JEoh7g=="
    },
    "mquery": {
      "version": "4.0.0",
      "resolved": "https://registry.npmjs.org/mquery/-/mquery-4.0.0.tgz",
      "integrity": "sha512-nGjm89lHja+T/b8cybAby6H0YgA4qYC/lx6UlwvHGqvTq8bDaNeCwl1sY8uRELrNbVWJzIihxVd+vphGGn1vBw==",
      "requires": {
        "debug": "4.x",
        "regexp-clone": "^1.0.0",
        "sliced": "1.0.1"
      }
    },
    "ms": {
      "version": "2.1.2",
      "resolved": "https://registry.npmjs.org/ms/-/ms-2.1.2.tgz",
      "integrity": "sha512-sGkPx+VjMtmA6MX27oA4FBFELFCZZ4S4XqeGOXCv68tT+jb3vk/RyaKWP0PTKyWtmLSM0b+adUTEvbs1PEaH2w=="
    },
    "next-tick": {
      "version": "1.0.0",
      "resolved": "https://registry.npmjs.org/next-tick/-/next-tick-1.0.0.tgz",
      "integrity": "sha1-yobR/ogoFpsBICCOPchCS524NCw="
    },
    "object-assign": {
      "version": "4.1.1",
      "resolved": "https://registry.npmjs.org/object-assign/-/object-assign-4.1.1.tgz",
      "integrity": "sha1-IQmtx5ZYh8/AXLvUQsrIv7s2CGM="
    },
    "path-to-regexp": {
      "version": "4.0.5",
      "resolved": "https://registry.npmjs.org/path-to-regexp/-/path-to-regexp-4.0.5.tgz",
      "integrity": "sha512-l+fTaGG2N9ZRpCEUj5fG1VKdDLaiqwCIvPngpnxzREhcdobhZC4ou4w984HBu72DqAJ5CfcdV6tjqNOunfpdsQ=="
    },
    "pino": {
      "version": "5.17.0",
      "resolved": "https://registry.npmjs.org/pino/-/pino-5.17.0.tgz",
      "integrity": "sha512-LqrqmRcJz8etUjyV0ddqB6OTUutCgQULPFg2b4dtijRHUsucaAdBgSUW58vY6RFSX+NT8963F+q0tM6lNwGShA==",
      "requires": {
        "fast-redact": "^2.0.0",
        "fast-safe-stringify": "^2.0.7",
        "flatstr": "^1.0.12",
        "pino-std-serializers": "^2.4.2",
        "quick-format-unescaped": "^3.0.3",
        "sonic-boom": "^0.7.5"
      }
    },
    "pino-std-serializers": {
      "version": "2.5.0",
      "resolved": "https://registry.npmjs.org/pino-std-serializers/-/pino-std-serializers-2.5.0.tgz",
      "integrity": "sha512-wXqbqSrIhE58TdrxxlfLwU9eDhrzppQDvGhBEr1gYbzzM4KKo3Y63gSjiDXRKLVS2UOXdPNR2v+KnQgNrs+xUg=="
    },
    "prop-types": {
      "version": "15.7.2",
      "resolved": "https://registry.npmjs.org/prop-types/-/prop-types-15.7.2.tgz",
      "integrity": "sha512-8QQikdH7//R2vurIJSutZ1smHYTcLpRWEOlHnzcWHmBYrOGUysKwSsrC89BCiFj3CbrfJ/nXFdJepOVrY1GCHQ==",
      "requires": {
        "loose-envify": "^1.4.0",
        "object-assign": "^4.1.1",
        "react-is": "^16.8.1"
      }
    },
    "proxy-addr": {
      "version": "2.0.7",
      "resolved": "https://registry.npmjs.org/proxy-addr/-/proxy-addr-2.0.7.tgz",
      "integrity": "sha512-llQsMLSUDUPT44jdrU/O37qlnifitDP+ZwrmmZcoSKyLKvtZxpyV0n2/bD/N4tBAAZ/gJEdZU7KMraoK1+XYAg==",
      "requires": {
        "forwarded": "0.2.0",
        "ipaddr.js": "1.9.1"
      }
    },
    "punycode": {
      "version": "2.1.1",
      "resolved": "https://registry.npmjs.org/punycode/-/punycode-2.1.1.tgz",
      "integrity": "sha512-XRsRjdf+j5ml+y/6GKHPZbrF/8p2Yga0JPtdqTIY2Xe5ohJPD9saDJJLPvp9+NSBprVvevdXZybnj2cv8OEd0A=="
    },
    "quick-format-unescaped": {
      "version": "3.0.3",
      "resolved": "https://registry.npmjs.org/quick-format-unescaped/-/quick-format-unescaped-3.0.3.tgz",
      "integrity": "sha512-dy1yjycmn9blucmJLXOfZDx1ikZJUi6E8bBZLnhPG5gBrVhHXx2xVyqqgKBubVNEXmx51dBACMHpoMQK/N/AXQ=="
    },
    "react-is": {
      "version": "16.13.1",
      "resolved": "https://registry.npmjs.org/react-is/-/react-is-16.13.1.tgz",
      "integrity": "sha512-24e6ynE2H+OKt4kqsOvNd8kBpV65zoxbA4BVsEOB3ARVWQki/DHzaUoC5KuON/BiccDaCCTZBuOcfZs70kR8bQ=="
    },
    "readable-stream": {
      "version": "3.6.0",
      "resolved": "https://registry.npmjs.org/readable-stream/-/readable-stream-3.6.0.tgz",
      "integrity": "sha512-BViHy7LKeTz4oNnkcLJ+lVSL6vpiFeX6/d3oSH8zCW7UxP2onchk+vTGB143xuFjHS3deTgkKoXXymXqymiIdA==",
      "requires": {
        "inherits": "^2.0.3",
        "string_decoder": "^1.1.1",
        "util-deprecate": "^1.0.1"
      }
    },
    "regexp-clone": {
      "version": "1.0.0",
      "resolved": "https://registry.npmjs.org/regexp-clone/-/regexp-clone-1.0.0.tgz",
      "integrity": "sha512-TuAasHQNamyyJ2hb97IuBEif4qBHGjPHBS64sZwytpLEqtBQ1gPJTnOaQ6qmpET16cK14kkjbazl6+p0RRv0yw=="
    },
    "ret": {
      "version": "0.2.2",
      "resolved": "https://registry.npmjs.org/ret/-/ret-0.2.2.tgz",
      "integrity": "sha512-M0b3YWQs7R3Z917WRQy1HHA7Ba7D8hvZg6UE5mLykJxQVE2ju0IXbGlaHPPlkY+WN7wFP+wUMXmBFA0aV6vYGQ=="
    },
    "reusify": {
      "version": "1.0.4",
      "resolved": "https://registry.npmjs.org/reusify/-/reusify-1.0.4.tgz",
      "integrity": "sha512-U9nH88a3fc/ekCF1l0/UP1IosiuIjyTh7hBvXVMHYgVcfGvt897Xguj2UOLDeI5BG2m7/uwyaLVT6fbtCwTyzw=="
    },
    "rfdc": {
      "version": "1.3.0",
      "resolved": "https://registry.npmjs.org/rfdc/-/rfdc-1.3.0.tgz",
      "integrity": "sha512-V2hovdzFbOi77/WajaSMXk2OLm+xNIeQdMMuB7icj7bk6zi2F8GGAxigcnDFpJHbNyNcgyJDiP+8nOrY5cZGrA=="
    },
    "safe-buffer": {
      "version": "5.2.1",
      "resolved": "https://registry.npmjs.org/safe-buffer/-/safe-buffer-5.2.1.tgz",
      "integrity": "sha512-rp3So07KcdmmKbGvgaNxQSJr7bGVSVk5S9Eq1F+ppbRo70+YeaDxkw5Dd8NPN+GD6bjnYm2VuPuCXmpuYvmCXQ=="
    },
    "safe-regex2": {
      "version": "2.0.0",
      "resolved": "https://registry.npmjs.org/safe-regex2/-/safe-regex2-2.0.0.tgz",
      "integrity": "sha512-PaUSFsUaNNuKwkBijoAPHAK6/eM6VirvyPWlZ7BAQy4D+hCvh4B6lIG+nPdhbFfIbP+gTGBcrdsOaUs0F+ZBOQ==",
      "requires": {
        "ret": "~0.2.0"
      }
    },
    "saslprep": {
      "version": "1.0.3",
      "resolved": "https://registry.npmjs.org/saslprep/-/saslprep-1.0.3.tgz",
      "integrity": "sha512-/MY/PEMbk2SuY5sScONwhUDsV2p77Znkb/q3nSVstq/yQzYJOH/Azh29p9oJLsl3LnQwSvZDKagDGBsBwSooag==",
      "optional": true,
      "requires": {
        "sparse-bitfield": "^3.0.3"
      }
    },
    "secure-json-parse": {
      "version": "2.4.0",
      "resolved": "https://registry.npmjs.org/secure-json-parse/-/secure-json-parse-2.4.0.tgz",
      "integrity": "sha512-Q5Z/97nbON5t/L/sH6mY2EacfjVGwrCcSi5D3btRO2GZ8pf1K1UN7Z9H5J57hjVU2Qzxr1xO+FmBhOvEkzCMmg=="
    },
    "semver": {
      "version": "6.3.0",
      "resolved": "https://registry.npmjs.org/semver/-/semver-6.3.0.tgz",
      "integrity": "sha512-b39TBaTSfV6yBrapU89p5fKekE2m/NwnDocOVruQFS1/veMgdzuPcnOM34M6CwxW8jH/lxEa5rBoDeUwu5HHTw=="
    },
    "semver-store": {
      "version": "0.3.0",
      "resolved": "https://registry.npmjs.org/semver-store/-/semver-store-0.3.0.tgz",
      "integrity": "sha512-TcZvGMMy9vodEFSse30lWinkj+JgOBvPn8wRItpQRSayhc+4ssDs335uklkfvQQJgL/WvmHLVj4Ycv2s7QCQMg=="
    },
    "set-cookie-parser": {
      "version": "2.4.8",
      "resolved": "https://registry.npmjs.org/set-cookie-parser/-/set-cookie-parser-2.4.8.tgz",
      "integrity": "sha512-edRH8mBKEWNVIVMKejNnuJxleqYE/ZSdcT8/Nem9/mmosx12pctd80s2Oy00KNZzrogMZS5mauK2/ymL1bvlvg=="
    },
    "sift": {
      "version": "13.5.2",
      "resolved": "https://registry.npmjs.org/sift/-/sift-13.5.2.tgz",
      "integrity": "sha512-+gxdEOMA2J+AI+fVsCqeNn7Tgx3M9ZN9jdi95939l1IJ8cZsqS8sqpJyOkic2SJk+1+98Uwryt/gL6XDaV+UZA=="
    },
    "sliced": {
      "version": "1.0.1",
      "resolved": "https://registry.npmjs.org/sliced/-/sliced-1.0.1.tgz",
      "integrity": "sha1-CzpmK10Ewxd7GSa+qCsD+Dei70E="
    },
    "sonic-boom": {
      "version": "0.7.7",
      "resolved": "https://registry.npmjs.org/sonic-boom/-/sonic-boom-0.7.7.tgz",
      "integrity": "sha512-Ei5YOo5J64GKClHIL/5evJPgASXFVpfVYbJV9PILZQytTK6/LCwHvsZJW2Ig4p9FMC2OrBrMnXKgRN/OEoAWfg==",
      "requires": {
        "atomic-sleep": "^1.0.0",
        "flatstr": "^1.0.12"
      }
    },
    "sparse-bitfield": {
      "version": "3.0.3",
      "resolved": "https://registry.npmjs.org/sparse-bitfield/-/sparse-bitfield-3.0.3.tgz",
      "integrity": "sha1-/0rm5oZWBWuks+eSqzM004JzyhE=",
      "optional": true,
      "requires": {
        "memory-pager": "^1.0.2"
      }
    },
    "string-similarity": {
      "version": "4.0.4",
      "resolved": "https://registry.npmjs.org/string-similarity/-/string-similarity-4.0.4.tgz",
      "integrity": "sha512-/q/8Q4Bl4ZKAPjj8WerIBJWALKkaPRfrvhfF8k/B23i4nzrlRj2/go1m90In7nG/3XDSbOo0+pu6RvCTM9RGMQ=="
    },
    "string_decoder": {
      "version": "1.3.0",
      "resolved": "https://registry.npmjs.org/string_decoder/-/string_decoder-1.3.0.tgz",
      "integrity": "sha512-hkRX8U1WjJFd8LsDJ2yQ/wWWxaopEsABU1XfkM8A+j0+85JAGppt16cr1Whg6KIbb4okU6Mql6BOj+uup/wKeA==",
      "requires": {
        "safe-buffer": "~5.2.0"
      }
    },
    "tiny-lru": {
      "version": "7.0.6",
      "resolved": "https://registry.npmjs.org/tiny-lru/-/tiny-lru-7.0.6.tgz",
      "integrity": "sha512-zNYO0Kvgn5rXzWpL0y3RS09sMK67eGaQj9805jlK9G6pSadfriTczzLHFXa/xcW4mIRfmlB9HyQ/+SgL0V1uow=="
    },
    "tr46": {
      "version": "3.0.0",
      "resolved": "https://registry.npmjs.org/tr46/-/tr46-3.0.0.tgz",
      "integrity": "sha512-l7FvfAHlcmulp8kr+flpQZmVwtu7nfRV7NZujtN0OqES8EL4O4e0qqzL0DC5gAvx/ZC/9lk6rhcUwYvkBnBnYA==",
      "requires": {
        "punycode": "^2.1.1"
      }
    },
    "type": {
      "version": "1.2.0",
      "resolved": "https://registry.npmjs.org/type/-/type-1.2.0.tgz",
      "integrity": "sha512-+5nt5AAniqsCnu2cEQQdpzCAh33kVx8n0VoFidKpB1dVVLAN/F+bgVOqOJqOnEnrhp222clB5p3vUlD+1QAnfg=="
    },
    "typescript": {
      "version": "3.9.10",
      "resolved": "https://registry.npmjs.org/typescript/-/typescript-3.9.10.tgz",
      "integrity": "sha512-w6fIxVE/H1PkLKcCPsFqKE7Kv7QUwhU8qQY2MueZXWx5cPZdwFupLgKK3vntcK98BtNHZtAF4LA/yl2a7k8R6Q=="
    },
    "uri-js": {
      "version": "4.4.1",
      "resolved": "https://registry.npmjs.org/uri-js/-/uri-js-4.4.1.tgz",
      "integrity": "sha512-7rKUyy33Q1yc98pQ1DAmLtwX109F7TIfWlW1Ydo8Wl1ii1SeHieeh0HHfPeL2fMXK6z0s8ecKs9frCuLJvndBg==",
      "requires": {
        "punycode": "^2.1.0"
      }
    },
    "util-deprecate": {
      "version": "1.0.2",
      "resolved": "https://registry.npmjs.org/util-deprecate/-/util-deprecate-1.0.2.tgz",
      "integrity": "sha1-RQ1Nyfpw3nMnYvvS1KKJgUGaDM8="
    },
    "uuidv4": {
      "version": "6.2.12",
      "resolved": "https://registry.npmjs.org/uuidv4/-/uuidv4-6.2.12.tgz",
      "integrity": "sha512-UnN4ThIYWhv3ZUE8UwDnnCvh4JafCNu+sQkxmLyjCVwK3rjLfkg3DYiEv6oCMDIAIVEDP4INg4kX/C5hKaRzZA==",
      "requires": {
        "@types/uuid": "8.3.1",
        "uuid": "8.3.2"
      },
      "dependencies": {
        "uuid": {
          "version": "8.3.2",
          "resolved": "https://registry.npmjs.org/uuid/-/uuid-8.3.2.tgz",
          "integrity": "sha512-+NYs2QeMWy+GWFOEm9xnn6HCDp0l7QBD7ml8zLUmJ+93Q5NF0NocErnwkTkXVFNiX3/fpC6afS8Dhb/gz7R7eg=="
        }
      }
    },
    "vary": {
      "version": "1.1.2",
      "resolved": "https://registry.npmjs.org/vary/-/vary-1.1.2.tgz",
      "integrity": "sha1-IpnwLG3tMNSllhsLn3RSShj2NPw="
    },
    "webidl-conversions": {
      "version": "7.0.0",
      "resolved": "https://registry.npmjs.org/webidl-conversions/-/webidl-conversions-7.0.0.tgz",
      "integrity": "sha512-VwddBukDzu71offAQR975unBIGqfKZpM+8ZX6ySk8nYhVoo5CYaZyzt3YBvYtRtO+aoGlqxPg/B87NGVZ/fu6g=="
    },
    "whatwg-url": {
      "version": "11.0.0",
      "resolved": "https://registry.npmjs.org/whatwg-url/-/whatwg-url-11.0.0.tgz",
      "integrity": "sha512-RKT8HExMpoYx4igMiVMY83lN6UeITKJlBQ+vR/8ZJ8OCdSiN3RwCq+9gH0+Xzj0+5IrM6i4j/6LuvzbZIQgEcQ==",
      "requires": {
        "tr46": "^3.0.0",
        "webidl-conversions": "^7.0.0"
      }
    }
  }
}
